// !$*UTF8*$!
{
	archiveVersion = 1;
	classes = {
	};
	objectVersion = 77;
	objects = {

/* Begin PBXContainerItemProxy section */
		19B6CF082F5234CE00ED2BEA /* PBXContainerItemProxy */ = {
			isa = PBXContainerItemProxy;
			containerPortal = 19B6CEED2F5234CC00ED2BEA /* Project object */;
			proxyType = 1;
			remoteGlobalIDString = 19B6CEF42F5234CC00ED2BEA;
			remoteInfo = Phil;
		};
		19B6CF122F5234CE00ED2BEA /* PBXContainerItemProxy */ = {
			isa = PBXContainerItemProxy;
			containerPortal = 19B6CEED2F5234CC00ED2BEA /* Project object */;
			proxyType = 1;
			remoteGlobalIDString = 19B6CEF42F5234CC00ED2BEA;
			remoteInfo = Phil;
		};
/* End PBXContainerItemProxy section */

/* Begin PBXFileReference section */
		19B6CEF52F5234CC00ED2BEA /* Phil.app */ = {isa = PBXFileReference; explicitFileType = wrapper.application; includeInIndex = 0; path = Phil.app; sourceTree = BUILT_PRODUCTS_DIR; };
		19B6CF072F5234CE00ED2BEA /* PhilTests.xctest */ = {isa = PBXFileReference; explicitFileType = wrapper.cfbundle; includeInIndex = 0; path = PhilTests.xctest; sourceTree = BUILT_PRODUCTS_DIR; };
		19B6CF112F5234CE00ED2BEA /* PhilUITests.xctest */ = {isa = PBXFileReference; explicitFileType = wrapper.cfbundle; includeInIndex = 0; path = PhilUITests.xctest; sourceTree = BUILT_PRODUCTS_DIR; };
/* End PBXFileReference section */

/* Begin PBXFileSystemSynchronizedRootGroup section */
		19B6CEF72F5234CC00ED2BEA /* Phil */ = {
			isa = PBXFileSystemSynchronizedRootGroup;
			path = Phil;
			sourceTree = "<group>";
		};
		19B6CF0A2F5234CE00ED2BEA /* PhilTests */ = {
			isa = PBXFileSystemSynchronizedRootGroup;
			path = PhilTests;
			sourceTree = "<group>";
		};
		19B6CF142F5234CE00ED2BEA /* PhilUITests */ = {
			isa = PBXFileSystemSynchronizedRootGroup;
			path = PhilUITests;
			sourceTree = "<group>";
		};
/* End PBXFileSystemSynchronizedRootGroup section */

/* Begin PBXFrameworksBuildPhase section */
		19B6CEF22F5234CC00ED2BEA /* Frameworks */ = {
			isa = PBXFrameworksBuildPhase;
			buildActionMask = 2147483647;
			files = (
			);
			runOnlyForDeploymentPostprocessing = 0;
		};
		19B6CF042F5234CE00ED2BEA /* Frameworks */ = {
			isa = PBXFrameworksBuildPhase;
			buildActionMask = 2147483647;
			files = (
			);
			runOnlyForDeploymentPostprocessing = 0;
		};
		19B6CF0E2F5234CE00ED2BEA /* Frameworks */ = {
			isa = PBXFrameworksBuildPhase;
			buildActionMask = 2147483647;
			files = (
			);
			runOnlyForDeploymentPostprocessing = 0;
		};
/* End PBXFrameworksBuildPhase section */

/* Begin PBXGroup section */
		19B6CEEC2F5234CC00ED2BEA = {
			isa = PBXGroup;
			children = (
				19B6CEF72F5234CC00ED2BEA /* Phil */,
				19B6CF0A2F5234CE00ED2BEA /* PhilTests */,
				19B6CF142F5234CE00ED2BEA /* PhilUITests */,
				19B6CEF62F5234CC00ED2BEA /* Products */,
			);
			sourceTree = "<group>";
		};
		19B6CEF62F5234CC00ED2BEA /* Products */ = {
			isa = PBXGroup;
			children = (
				19B6CEF52F5234CC00ED2BEA /* Phil.app */,
				19B6CF072F5234CE00ED2BEA /* PhilTests.xctest */,
				19B6CF112F5234CE00ED2BEA /* PhilUITests.xctest */,
			);
			name = Products;
			sourceTree = "<group>";
		};
/* End PBXGroup section */

/* Begin PBXNativeTarget section */
		19B6CEF42F5234CC00ED2BEA /* Phil */ = {
			isa = PBXNativeTarget;
			buildConfigurationList = 19B6CF1B2F5234CE00ED2BEA /* Build configuration list for PBXNativeTarget "Phil" */;
			buildPhases = (
				19B6CEF12F5234CC00ED2BEA /* Sources */,
				19B6CEF22F5234CC00ED2BEA /* Frameworks */,
				19B6CEF32F5234CC00ED2BEA /* Resources */,
			);
			buildRules = (
			);
			dependencies = (
			);
			fileSystemSynchronizedGroups = (
				19B6CEF72F5234CC00ED2BEA /* Phil */,
			);
			name = Phil;
			packageProductDependencies = (
				19B6D0052F52350000ED2BEA /* CommonDomain */,
				19B6D0062F52350000ED2BEA /* CommonUI */,
				19B6D0072F52350000ED2BEA /* CommonNetwork */,
				19B6D0082F52350000ED2BEA /* CommonPersistence */,
			);
			productName = Phil;
			productReference = 19B6CEF52F5234CC00ED2BEA /* Phil.app */;
			productType = "com.apple.product-type.application";
		};
		19B6CF062F5234CE00ED2BEA /* PhilTests */ = {
			isa = PBXNativeTarget;
			buildConfigurationList = 19B6CF1E2F5234CE00ED2BEA /* Build configuration list for PBXNativeTarget "PhilTests" */;
			buildPhases = (
				19B6CF032F5234CE00ED2BEA /* Sources */,
				19B6CF042F5234CE00ED2BEA /* Frameworks */,
				19B6CF052F5234CE00ED2BEA /* Resources */,
			);
			buildRules = (
			);
			dependencies = (
				19B6CF092F5234CE00ED2BEA /* PBXTargetDependency */,
			);
			fileSystemSynchronizedGroups = (
				19B6CF0A2F5234CE00ED2BEA /* PhilTests */,
			);
			name = PhilTests;
			packageProductDependencies = (
			);
			productName = PhilTests;
			productReference = 19B6CF072F5234CE00ED2BEA /* PhilTests.xctest */;
			productType = "com.apple.product-type.bundle.unit-test";
		};
		19B6CF102F5234CE00ED2BEA /* PhilUITests */ = {
			isa = PBXNativeTarget;
			buildConfigurationList = 19B6CF212F5234CE00ED2BEA /* Build configuration list for PBXNativeTarget "PhilUITests" */;
			buildPhases = (
				19B6CF0D2F5234CE00ED2BEA /* Sources */,
				19B6CF0E2F5234CE00ED2BEA /* Frameworks */,
				19B6CF0F2F5234CE00ED2BEA /* Resources */,
			);
			buildRules = (
			);
			dependencies = (
				19B6CF132F5234CE00ED2BEA /* PBXTargetDependency */,
			);
			fileSystemSynchronizedGroups = (
				19B6CF142F5234CE00ED2BEA /* PhilUITests */,
			);
			name = PhilUITests;
			packageProductDependencies = (
			);
			productName = PhilUITests;
			productReference = 19B6CF112F5234CE00ED2BEA /* PhilUITests.xctest */;
			productType = "com.apple.product-type.bundle.ui-testing";
		};
/* End PBXNativeTarget section */

/* Begin PBXProject section */
		19B6CEED2F5234CC00ED2BEA /* Project object */ = {
			isa = PBXProject;
			attributes = {
				BuildIndependentTargetsInParallel = 1;
				LastSwiftUpdateCheck = 2630;
				LastUpgradeCheck = 2630;
				TargetAttributes = {
					19B6CEF42F5234CC00ED2BEA = {
						CreatedOnToolsVersion = 26.3;
					};
					19B6CF062F5234CE00ED2BEA = {
						CreatedOnToolsVersion = 26.3;
						TestTargetID = 19B6CEF42F5234CC00ED2BEA;
					};
					19B6CF102F5234CE00ED2BEA = {
						CreatedOnToolsVersion = 26.3;
						TestTargetID = 19B6CEF42F5234CC00ED2BEA;
					};
				};
			};
			buildConfigurationList = 19B6CEF02F5234CC00ED2BEA /* Build configuration list for PBXProject "Phil" */;
			developmentRegion = en;
			hasScannedForEncodings = 0;
			knownRegions = (
				en,
				Base,
			);
			mainGroup = 19B6CEEC2F5234CC00ED2BEA;
			minimizedProjectReferenceProxies = 1;
			preferredProjectObjectVersion = 77;
			productRefGroup = 19B6CEF62F5234CC00ED2BEA /* Products */;
			packageReferences = (
				19B6D0012F52350000ED2BEA /* XCLocalSwiftPackageReference "../Packages/CommonDomain" */,
				19B6D0022F52350000ED2BEA /* XCLocalSwiftPackageReference "../Packages/CommonUI" */,
				19B6D0032F52350000ED2BEA /* XCLocalSwiftPackageReference "../Packages/CommonNetwork" */,
				19B6D0042F52350000ED2BEA /* XCLocalSwiftPackageReference "../Packages/CommonPersistence" */,
			);
			projectDirPath = "";
			projectRoot = "";
			targets = (
				19B6CEF42F5234CC00ED2BEA /* Phil */,
				19B6CF062F5234CE00ED2BEA /* PhilTests */,
				19B6CF102F5234CE00ED2BEA /* PhilUITests */,
			);
		};
/* End PBXProject section */

/* Begin PBXResourcesBuildPhase section */
		19B6CEF32F5234CC00ED2BEA /* Resources */ = {
			isa = PBXResourcesBuildPhase;
			buildActionMask = 2147483647;
			files = (
			);
			runOnlyForDeploymentPostprocessing = 0;
		};
		19B6CF052F5234CE00ED2BEA /* Resources */ = {
			isa = PBXResourcesBuildPhase;
			buildActionMask = 2147483647;
			files = (
			);
			runOnlyForDeploymentPostprocessing = 0;
		};
		19B6CF0F2F5234CE00ED2BEA /* Resources */ = {
			isa = PBXResourcesBuildPhase;
			buildActionMask = 2147483647;
			files = (
			);
			runOnlyForDeploymentPostprocessing = 0;
		};
/* End PBXResourcesBuildPhase section */

/* Begin PBXSourcesBuildPhase section */
		19B6CEF12F5234CC00ED2BEA /* Sources */ = {
			isa = PBXSourcesBuildPhase;
			buildActionMask = 2147483647;
			files = (
			);
			runOnlyForDeploymentPostprocessing = 0;
		};
		19B6CF032F5234CE00ED2BEA /* Sources */ = {
			isa = PBXSourcesBuildPhase;
			buildActionMask = 2147483647;
			files = (
			);
			runOnlyForDeploymentPostprocessing = 0;
		};
		19B6CF0D2F5234CE00ED2BEA /* Sources */ = {
			isa = PBXSourcesBuildPhase;
			buildActionMask = 2147483647;
			files = (
			);
			runOnlyForDeploymentPostprocessing = 0;
		};
/* End PBXSourcesBuildPhase section */

/* Begin PBXTargetDependency section */
		19B6CF092F5234CE00ED2BEA /* PBXTargetDependency */ = {
			isa = PBXTargetDependency;
			target = 19B6CEF42F5234CC00ED2BEA /* Phil */;
			targetProxy = 19B6CF082F5234CE00ED2BEA /* PBXContainerItemProxy */;
		};
		19B6CF132F5234CE00ED2BEA /* PBXTargetDependency */ = {
			isa = PBXTargetDependency;
			target = 19B6CEF42F5234CC00ED2BEA /* Phil */;
			targetProxy = 19B6CF122F5234CE00ED2BEA /* PBXContainerItemProxy */;
		};
/* End PBXTargetDependency section */

/* Begin XCBuildConfiguration section */
		19B6CF192F5234CE00ED2BEA /* Debug */ = {
			isa = XCBuildConfiguration;
			buildSettings = {
				ALWAYS_SEARCH_USER_PATHS = NO;
				ASSETCATALOG_COMPILER_GENERATE_SWIFT_ASSET_SYMBOL_EXTENSIONS = YES;
				CLANG_ANALYZER_NONNULL = YES;
				CLANG_ANALYZER_NUMBER_OBJECT_CONVERSION = YES_AGGRESSIVE;
				CLANG_CXX_LANGUAGE_STANDARD = "gnu++20";
				CLANG_ENABLE_MODULES = YES;
				CLANG_ENABLE_OBJC_ARC = YES;
				CLANG_ENABLE_OBJC_WEAK = YES;
				CLANG_WARN_BLOCK_CAPTURE_AUTORELEASING = YES;
				CLANG_WARN_BOOL_CONVERSION = YES;
				CLANG_WARN_COMMA = YES;
				CLANG_WARN_CONSTANT_CONVERSION = YES;
				CLANG_WARN_DEPRECATED_OBJC_IMPLEMENTATIONS = YES;
				CLANG_WARN_DIRECT_OBJC_ISA_USAGE = YES_ERROR;
				CLANG_WARN_DOCUMENTATION_COMMENTS = YES;
				CLANG_WARN_EMPTY_BODY = YES;
				CLANG_WARN_ENUM_CONVERSION = YES;
				CLANG_WARN_INFINITE_RECURSION = YES;
				CLANG_WARN_INT_CONVERSION = YES;
				CLANG_WARN_NON_LITERAL_NULL_CONVERSION = YES;
				CLANG_WARN_OBJC_IMPLICIT_RETAIN_SELF = YES;
				CLANG_WARN_OBJC_LITERAL_CONVERSION = YES;
				CLANG_WARN_OBJC_ROOT_CLASS = YES_ERROR;
				CLANG_WARN_QUOTED_INCLUDE_IN_FRAMEWORK_HEADER = YES;
				CLANG_WARN_RANGE_LOOP_ANALYSIS = YES;
				CLANG_WARN_STRICT_PROTOTYPES = YES;
				CLANG_WARN_SUSPICIOUS_MOVE = YES;
				CLANG_WARN_UNGUARDED_AVAILABILITY = YES_AGGRESSIVE;
				CLANG_WARN_UNREACHABLE_CODE = YES;
				CLANG_WARN__DUPLICATE_METHOD_MATCH = YES;
				COPY_PHASE_STRIP = NO;
				DEBUG_INFORMATION_FORMAT = dwarf;
				DEVELOPMENT_TEAM = L3855F4U5K;
				ENABLE_STRICT_OBJC_MSGSEND = YES;
				ENABLE_TESTABILITY = YES;
				ENABLE_USER_SCRIPT_SANDBOXING = YES;
				GCC_C_LANGUAGE_STANDARD = gnu17;
				GCC_DYNAMIC_NO_PIC = NO;
				GCC_NO_COMMON_BLOCKS = YES;
				GCC_OPTIMIZATION_LEVEL = 0;
				GCC_PREPROCESSOR_DEFINITIONS = (
					"DEBUG=1",
					"$(inherited)",
				);
				GCC_WARN_64_TO_32_BIT_CONVERSION = YES;
				GCC_WARN_ABOUT_RETURN_TYPE = YES_ERROR;
				GCC_WARN_UNDECLARED_SELECTOR = YES;
				GCC_WARN_UNINITIALIZED_AUTOS = YES_AGGRESSIVE;
				GCC_WARN_UNUSED_FUNCTION = YES;
				GCC_WARN_UNUSED_VARIABLE = YES;
				IPHONEOS_DEPLOYMENT_TARGET = 26.2;
				LOCALIZATION_PREFERS_STRING_CATALOGS = YES;
				MTL_ENABLE_DEBUG_INFO = INCLUDE_SOURCE;
				MTL_FAST_MATH = YES;
				ONLY_ACTIVE_ARCH = YES;
				SDKROOT = iphoneos;
				SWIFT_ACTIVE_COMPILATION_CONDITIONS = "DEBUG $(inherited)";
				SWIFT_OPTIMIZATION_LEVEL = "-Onone";
			};
			name = Debug;
		};
		19B6CF1A2F5234CE00ED2BEA /* Release */ = {
			isa = XCBuildConfiguration;
			buildSettings = {
				ALWAYS_SEARCH_USER_PATHS = NO;
				ASSETCATALOG_COMPILER_GENERATE_SWIFT_ASSET_SYMBOL_EXTENSIONS = YES;
				CLANG_ANALYZER_NONNULL = YES;
				CLANG_ANALYZER_NUMBER_OBJECT_CONVERSION = YES_AGGRESSIVE;
				CLANG_CXX_LANGUAGE_STANDARD = "gnu++20";
				CLANG_ENABLE_MODULES = YES;
				CLANG_ENABLE_OBJC_ARC = YES;
				CLANG_ENABLE_OBJC_WEAK = YES;
				CLANG_WARN_BLOCK_CAPTURE_AUTORELEASING = YES;
				CLANG_WARN_BOOL_CONVERSION = YES;
				CLANG_WARN_COMMA = YES;
				CLANG_WARN_CONSTANT_CONVERSION = YES;
				CLANG_WARN_DEPRECATED_OBJC_IMPLEMENTATIONS = YES;
				CLANG_WARN_DIRECT_OBJC_ISA_USAGE = YES_ERROR;
				CLANG_WARN_DOCUMENTATION_COMMENTS = YES;
				CLANG_WARN_EMPTY_BODY = YES;
				CLANG_WARN_ENUM_CONVERSION = YES;
				CLANG_WARN_INFINITE_RECURSION = YES;
				CLANG_WARN_INT_CONVERSION = YES;
				CLANG_WARN_NON_LITERAL_NULL_CONVERSION = YES;
				CLANG_WARN_OBJC_IMPLICIT_RETAIN_SELF = YES;
				CLANG_WARN_OBJC_LITERAL_CONVERSION = YES;
				CLANG_WARN_OBJC_ROOT_CLASS = YES_ERROR;
				CLANG_WARN_QUOTED_INCLUDE_IN_FRAMEWORK_HEADER = YES;
				CLANG_WARN_RANGE_LOOP_ANALYSIS = YES;
				CLANG_WARN_STRICT_PROTOTYPES = YES;
				CLANG_WARN_SUSPICIOUS_MOVE = YES;
				CLANG_WARN_UNGUARDED_AVAILABILITY = YES_AGGRESSIVE;
				CLANG_WARN_UNREACHABLE_CODE = YES;
				CLANG_WARN__DUPLICATE_METHOD_MATCH = YES;
				COPY_PHASE_STRIP = NO;
				DEBUG_INFORMATION_FORMAT = "dwarf-with-dsym";
				DEVELOPMENT_TEAM = L3855F4U5K;
				ENABLE_NS_ASSERTIONS = NO;
				ENABLE_STRICT_OBJC_MSGSEND = YES;
				ENABLE_USER_SCRIPT_SANDBOXING = YES;
				GCC_C_LANGUAGE_STANDARD = gnu17;
				GCC_NO_COMMON_BLOCKS = YES;
				GCC_WARN_64_TO_32_BIT_CONVERSION = YES;
				GCC_WARN_ABOUT_RETURN_TYPE = YES_ERROR;
				GCC_WARN_UNDECLARED_SELECTOR = YES;
				GCC_WARN_UNINITIALIZED_AUTOS = YES_AGGRESSIVE;
				GCC_WARN_UNUSED_FUNCTION = YES;
				GCC_WARN_UNUSED_VARIABLE = YES;
				IPHONEOS_DEPLOYMENT_TARGET = 26.2;
				LOCALIZATION_PREFERS_STRING_CATALOGS = YES;
				MTL_ENABLE_DEBUG_INFO = NO;
				MTL_FAST_MATH = YES;
				SDKROOT = iphoneos;
				SWIFT_COMPILATION_MODE = wholemodule;
				VALIDATE_PRODUCT = YES;
			};
			name = Release;
		};
		19B6CF1C2F5234CE00ED2BEA /* Debug */ = {
			isa = XCBuildConfiguration;
			buildSettings = {
				ASSETCATALOG_COMPILER_APPICON_NAME = AppIcon;
				ASSETCATALOG_COMPILER_GLOBAL_ACCENT_COLOR_NAME = AccentColor;
				CODE_SIGN_STYLE = Automatic;
				CURRENT_PROJECT_VERSION = 1;
				DEVELOPMENT_TEAM = L3855F4U5K;
				ENABLE_PREVIEWS = YES;
				GENERATE_INFOPLIST_FILE = YES;
				INFOPLIST_KEY_UIApplicationSceneManifest_Generation = YES;
				INFOPLIST_KEY_UIApplicationSupportsIndirectInputEvents = YES;
				INFOPLIST_KEY_UILaunchScreen_Generation = YES;
				INFOPLIST_KEY_UISupportedInterfaceOrientations_iPad = "UIInterfaceOrientationPortrait UIInterfaceOrientationPortraitUpsideDown UIInterfaceOrientationLandscapeLeft UIInterfaceOrientationLandscapeRight";
				INFOPLIST_KEY_UISupportedInterfaceOrientations_iPhone = "UIInterfaceOrientationPortrait UIInterfaceOrientationLandscapeLeft UIInterfaceOrientationLandscapeRight";
				IPHONEOS_DEPLOYMENT_TARGET = 26.0;
				LD_RUNPATH_SEARCH_PATHS = (
					"$(inherited)",
					"@executable_path/Frameworks",
				);
				MARKETING_VERSION = 1.0;
				PRODUCT_BUNDLE_IDENTIFIER = com.philoctetes.Phil;
				PRODUCT_NAME = "$(TARGET_NAME)";
				STRING_CATALOG_GENERATE_SYMBOLS = YES;
				SWIFT_APPROACHABLE_CONCURRENCY = YES;
				SWIFT_DEFAULT_ACTOR_ISOLATION = MainActor;
				SWIFT_EMIT_LOC_STRINGS = YES;
				SWIFT_UPCOMING_FEATURE_MEMBER_IMPORT_VISIBILITY = YES;
				SWIFT_VERSION = 5.0;
				TARGETED_DEVICE_FAMILY = "1,2";
			};
			name = Debug;
		};
		19B6CF1D2F5234CE00ED2BEA /* Release */ = {
			isa = XCBuildConfiguration;
			buildSettings = {
				ASSETCATALOG_COMPILER_APPICON_NAME = AppIcon;
				ASSETCATALOG_COMPILER_GLOBAL_ACCENT_COLOR_NAME = AccentColor;
				CODE_SIGN_STYLE = Automatic;
				CURRENT_PROJECT_VERSION = 1;
				DEVELOPMENT_TEAM = L3855F4U5K;
				ENABLE_PREVIEWS = YES;
				GENERATE_INFOPLIST_FILE = YES;
				INFOPLIST_KEY_UIApplicationSceneManifest_Generation = YES;
				INFOPLIST_KEY_UIApplicationSupportsIndirectInputEvents = YES;
				INFOPLIST_KEY_UILaunchScreen_Generation = YES;
				INFOPLIST_KEY_UISupportedInterfaceOrientations_iPad = "UIInterfaceOrientationPortrait UIInterfaceOrientationPortraitUpsideDown UIInterfaceOrientationLandscapeLeft UIInterfaceOrientationLandscapeRight";
				INFOPLIST_KEY_UISupportedInterfaceOrientations_iPhone = "UIInterfaceOrientationPortrait UIInterfaceOrientationLandscapeLeft UIInterfaceOrientationLandscapeRight";
				IPHONEOS_DEPLOYMENT_TARGET = 26.0;
				LD_RUNPATH_SEARCH_PATHS = (
					"$(inherited)",
					"@executable_path/Frameworks",
				);
				MARKETING_VERSION = 1.0;
				PRODUCT_BUNDLE_IDENTIFIER = com.philoctetes.Phil;
				PRODUCT_NAME = "$(TARGET_NAME)";
				STRING_CATALOG_GENERATE_SYMBOLS = YES;
				SWIFT_APPROACHABLE_CONCURRENCY = YES;
				SWIFT_DEFAULT_ACTOR_ISOLATION = MainActor;
				SWIFT_EMIT_LOC_STRINGS = YES;
				SWIFT_UPCOMING_FEATURE_MEMBER_IMPORT_VISIBILITY = YES;
				SWIFT_VERSION = 5.0;
				TARGETED_DEVICE_FAMILY = "1,2";
			};
			name = Release;
		};
		19B6CF1F2F5234CE00ED2BEA /* Debug */ = {
			isa = XCBuildConfiguration;
			buildSettings = {
				BUNDLE_LOADER = "$(TEST_HOST)";
				CODE_SIGN_STYLE = Automatic;
				CURRENT_PROJECT_VERSION = 1;
				DEVELOPMENT_TEAM = L3855F4U5K;
				GENERATE_INFOPLIST_FILE = YES;
				IPHONEOS_DEPLOYMENT_TARGET = 26.2;
				MARKETING_VERSION = 1.0;
				PRODUCT_BUNDLE_IDENTIFIER = com.philoctetes.PhilTests;
				PRODUCT_NAME = "$(TARGET_NAME)";
				STRING_CATALOG_GENERATE_SYMBOLS = NO;
				SWIFT_APPROACHABLE_CONCURRENCY = YES;
				SWIFT_EMIT_LOC_STRINGS = NO;
				SWIFT_UPCOMING_FEATURE_MEMBER_IMPORT_VISIBILITY = YES;
				SWIFT_VERSION = 5.0;
				TARGETED_DEVICE_FAMILY = "1,2";
				TEST_HOST = "$(BUILT_PRODUCTS_DIR)/Phil.app/$(BUNDLE_EXECUTABLE_FOLDER_PATH)/Phil";
			};
			name = Debug;
		};
		19B6CF202F5234CE00ED2BEA /* Release */ = {
			isa = XCBuildConfiguration;
			buildSettings = {
				BUNDLE_LOADER = "$(TEST_HOST)";
				CODE_SIGN_STYLE = Automatic;
				CURRENT_PROJECT_VERSION = 1;
				DEVELOPMENT_TEAM = L3855F4U5K;
				GENERATE_INFOPLIST_FILE = YES;
				IPHONEOS_DEPLOYMENT_TARGET = 26.2;
				MARKETING_VERSION = 1.0;
				PRODUCT_BUNDLE_IDENTIFIER = com.philoctetes.PhilTests;
				PRODUCT_NAME = "$(TARGET_NAME)";
				STRING_CATALOG_GENERATE_SYMBOLS = NO;
				SWIFT_APPROACHABLE_CONCURRENCY = YES;
				SWIFT_EMIT_LOC_STRINGS = NO;
				SWIFT_UPCOMING_FEATURE_MEMBER_IMPORT_VISIBILITY = YES;
				SWIFT_VERSION = 5.0;
				TARGETED_DEVICE_FAMILY = "1,2";
				TEST_HOST = "$(BUILT_PRODUCTS_DIR)/Phil.app/$(BUNDLE_EXECUTABLE_FOLDER_PATH)/Phil";
			};
			name = Release;
		};
		19B6CF222F5234CE00ED2BEA /* Debug */ = {
			isa = XCBuildConfiguration;
			buildSettings = {
				CODE_SIGN_STYLE = Automatic;
				CURRENT_PROJECT_VERSION = 1;
				DEVELOPMENT_TEAM = L3855F4U5K;
				GENERATE_INFOPLIST_FILE = YES;
				MARKETING_VERSION = 1.0;
				PRODUCT_BUNDLE_IDENTIFIER = com.philoctetes.PhilUITests;
				PRODUCT_NAME = "$(TARGET_NAME)";
				STRING_CATALOG_GENERATE_SYMBOLS = NO;
				SWIFT_APPROACHABLE_CONCURRENCY = YES;
				SWIFT_EMIT_LOC_STRINGS = NO;
				SWIFT_UPCOMING_FEATURE_MEMBER_IMPORT_VISIBILITY = YES;
				SWIFT_VERSION = 5.0;
				TARGETED_DEVICE_FAMILY = "1,2";
				TEST_TARGET_NAME = Phil;
			};
			name = Debug;
		};
		19B6CF232F5234CE00ED2BEA /* Release */ = {
			isa = XCBuildConfiguration;
			buildSettings = {
				CODE_SIGN_STYLE = Automatic;
				CURRENT_PROJECT_VERSION = 1;
				DEVELOPMENT_TEAM = L3855F4U5K;
				GENERATE_INFOPLIST_FILE = YES;
				MARKETING_VERSION = 1.0;
				PRODUCT_BUNDLE_IDENTIFIER = com.philoctetes.PhilUITests;
				PRODUCT_NAME = "$(TARGET_NAME)";
				STRING_CATALOG_GENERATE_SYMBOLS = NO;
				SWIFT_APPROACHABLE_CONCURRENCY = YES;
				SWIFT_EMIT_LOC_STRINGS = NO;
				SWIFT_UPCOMING_FEATURE_MEMBER_IMPORT_VISIBILITY = YES;
				SWIFT_VERSION = 5.0;
				TARGETED_DEVICE_FAMILY = "1,2";
				TEST_TARGET_NAME = Phil;
			};
			name = Release;
		};
/* End XCBuildConfiguration section */

/* Begin XCConfigurationList section */
		19B6CEF02F5234CC00ED2BEA /* Build configuration list for PBXProject "Phil" */ = {
			isa = XCConfigurationList;
			buildConfigurations = (
				19B6CF192F5234CE00ED2BEA /* Debug */,
				19B6CF1A2F5234CE00ED2BEA /* Release */,
			);
			defaultConfigurationIsVisible = 0;
			defaultConfigurationName = Release;
		};
		19B6CF1B2F5234CE00ED2BEA /* Build configuration list for PBXNativeTarget "Phil" */ = {
			isa = XCConfigurationList;
			buildConfigurations = (
				19B6CF1C2F5234CE00ED2BEA /* Debug */,
				19B6CF1D2F5234CE00ED2BEA /* Release */,
			);
			defaultConfigurationIsVisible = 0;
			defaultConfigurationName = Release;
		};
		19B6CF1E2F5234CE00ED2BEA /* Build configuration list for PBXNativeTarget "PhilTests" */ = {
			isa = XCConfigurationList;
			buildConfigurations = (
				19B6CF1F2F5234CE00ED2BEA /* Debug */,
				19B6CF202F5234CE00ED2BEA /* Release */,
			);
			defaultConfigurationIsVisible = 0;
			defaultConfigurationName = Release;
		};
		19B6CF212F5234CE00ED2BEA /* Build configuration list for PBXNativeTarget "PhilUITests" */ = {
			isa = XCConfigurationList;
			buildConfigurations = (
				19B6CF222F5234CE00ED2BEA /* Debug */,
				19B6CF232F5234CE00ED2BEA /* Release */,
			);
			defaultConfigurationIsVisible = 0;
			defaultConfigurationName = Release;
		};
/* End XCConfigurationList section */

/* Begin XCLocalSwiftPackageReference section */
		19B6D0012F52350000ED2BEA /* XCLocalSwiftPackageReference "../Packages/CommonDomain" */ = {
			isa = XCLocalSwiftPackageReference;
			relativePath = ../Packages/CommonDomain;
		};
		19B6D0022F52350000ED2BEA /* XCLocalSwiftPackageReference "../Packages/CommonUI" */ = {
			isa = XCLocalSwiftPackageReference;
			relativePath = ../Packages/CommonUI;
		};
		19B6D0032F52350000ED2BEA /* XCLocalSwiftPackageReference "../Packages/CommonNetwork" */ = {
			isa = XCLocalSwiftPackageReference;
			relativePath = ../Packages/CommonNetwork;
		};
		19B6D0042F52350000ED2BEA /* XCLocalSwiftPackageReference "../Packages/CommonPersistence" */ = {
			isa = XCLocalSwiftPackageReference;
			relativePath = ../Packages/CommonPersistence;
		};
/* End XCLocalSwiftPackageReference section */

/* Begin XCSwiftPackageProductDependency section */
		19B6D0052F52350000ED2BEA /* CommonDomain */ = {
			isa = XCSwiftPackageProductDependency;
			package = 19B6D0012F52350000ED2BEA /* XCLocalSwiftPackageReference "../Packages/CommonDomain" */;
			productName = CommonDomain;
		};
		19B6D0062F52350000ED2BEA /* CommonUI */ = {
			isa = XCSwiftPackageProductDependency;
			package = 19B6D0022F52350000ED2BEA /* XCLocalSwiftPackageReference "../Packages/CommonUI" */;
			productName = CommonUI;
		};
		19B6D0072F52350000ED2BEA /* CommonNetwork */ = {
			isa = XCSwiftPackageProductDependency;
			package = 19B6D0032F52350000ED2BEA /* XCLocalSwiftPackageReference "../Packages/CommonNetwork" */;
			productName = CommonNetwork;
		};
		19B6D0082F52350000ED2BEA /* CommonPersistence */ = {
			isa = XCSwiftPackageProductDependency;
			package = 19B6D0042F52350000ED2BEA /* XCLocalSwiftPackageReference "../Packages/CommonPersistence" */;
			productName = CommonPersistence;
		};
/* End XCSwiftPackageProductDependency section */
	};
	rootObject = 19B6CEED2F5234CC00ED2BEA /* Project object */;
}
